
Microsoft Visual Studio Solution File, Format Version 12.00
# Visual Studio Version 17
VisualStudioVersion = 17.0.32014.148
MinimumVisualStudioVersion = 10.0.40219.1
Project("{FAE04EC0-301F-11D3-BF4B-00C04F79EFBC}") = "FileManagerOOP", "FileManagerOOP\FileManagerOOP.csproj", "{2B67FE97-C19E-422A-92FF-B24F82F466B7}"
EndProject
Global
	GlobalSection(SolutionConfigurationPlatforms) = preSolution
		Debug|Any CPU = Debug|Any CPU
		Release|Any CPU = Release|Any CPU
	EndGlobalSection
	GlobalSection(ProjectConfigurationPlatforms) = postSolution
		{2B67FE97-C19E-422A-92FF-B24F82F466B7}.Debug|Any CPU.ActiveCfg = Debug|Any CPU
		{2B67FE97-C19E-422A-92FF-B24F82F466B7}.Debug|Any CPU.Build.0 = Debug|Any CPU
		{2B67FE97-C19E-422A-92FF-B24F82F466B7}.Release|Any CPU.ActiveCfg = Release|Any CPU
		{2B67FE97-C19E-422A-92FF-B24F82F466B7}.Release|Any CPU.Build.0 = Release|Any CPU
	EndGlobalSection
	GlobalSection(SolutionProperties) = preSolution
		HideSolutionNode = FALSE
	EndGlobalSection
	GlobalSection(ExtensibilityGlobals) = postSolution
		SolutionGuid = {AC0ED123-48C5-4F4F-A9B7-F066707E4779}
	EndGlobalSection
EndGlobal
